
Microsoft Visual Studio Solution File, Format Version 12.00
# Visual Studio Version 16
VisualStudioVersion = 16.0.30204.135
MinimumVisualStudioVersion = 10.0.40219.1
Project("{FAE04EC0-301F-11D3-BF4B-00C04F79EFBC}") = "obvod obsah kruhu", "obvod obsah kruhu\obvod obsah kruhu.csproj", "{6BF8CB62-128B-48E7-BB1D-10FD2B76E5E4}"
EndProject
Global
	GlobalSection(SolutionConfigurationPlatforms) = preSolution
		Debug|Any CPU = Debug|Any CPU
		Release|Any CPU = Release|Any CPU
	EndGlobalSection
	GlobalSection(ProjectConfigurationPlatforms) = postSolution
		{6BF8CB62-128B-48E7-BB1D-10FD2B76E5E4}.Debug|Any CPU.ActiveCfg = Debug|Any CPU
		{6BF8CB62-128B-48E7-BB1D-10FD2B76E5E4}.Debug|Any CPU.Build.0 = Debug|Any CPU
		{6BF8CB62-128B-48E7-BB1D-10FD2B76E5E4}.Release|Any CPU.ActiveCfg = Release|Any CPU
		{6BF8CB62-128B-48E7-BB1D-10FD2B76E5E4}.Release|Any CPU.Build.0 = Release|Any CPU
	EndGlobalSection
	GlobalSection(SolutionProperties) = preSolution
		HideSolutionNode = FALSE
	EndGlobalSection
	GlobalSection(ExtensibilityGlobals) = postSolution
		SolutionGuid = {8C08F532-9A1C-483B-BAB9-206B1B54F3AF}
	EndGlobalSection
EndGlobal
